
Microsoft Visual Studio Solution File, Format Version 12.00
# Visual Studio Version 17
VisualStudioVersion = 17.0.32014.148
MinimumVisualStudioVersion = 10.0.40219.1
Project("{FAE04EC0-301F-11D3-BF4B-00C04F79EFBC}") = "SeleniumVersionFix", "SeleniumVersionFix\SeleniumVersionFix.csproj", "{41A77404-FF01-4BDC-A795-19BB1D5C3819}"
EndProject
Global
	GlobalSection(SolutionConfigurationPlatforms) = preSolution
		Debug|Any CPU = Debug|Any CPU
		Release|Any CPU = Release|Any CPU
	EndGlobalSection
	GlobalSection(ProjectConfigurationPlatforms) = postSolution
		{41A77404-FF01-4BDC-A795-19BB1D5C3819}.Debug|Any CPU.ActiveCfg = Debug|Any CPU
		{41A77404-FF01-4BDC-A795-19BB1D5C3819}.Debug|Any CPU.Build.0 = Debug|Any CPU
		{41A77404-FF01-4BDC-A795-19BB1D5C3819}.Release|Any CPU.ActiveCfg = Release|Any CPU
		{41A77404-FF01-4BDC-A795-19BB1D5C3819}.Release|Any CPU.Build.0 = Release|Any CPU
	EndGlobalSection
	GlobalSection(SolutionProperties) = preSolution
		HideSolutionNode = FALSE
	EndGlobalSection
	GlobalSection(ExtensibilityGlobals) = postSolution
		SolutionGuid = {25C496DB-8217-46F6-B151-0C1CB394F2AC}
	EndGlobalSection
EndGlobal
